<Solution>
  <Folder Name="/src/">
    <Project Path="src/ClaimsModule.API/ClaimsModule.API.csproj" />
    <Project Path="src/ClaimsModule.Application/ClaimsModule.Application.csproj" />
    <Project Path="src/ClaimsModule.Domain/ClaimsModule.Domain.csproj" />
    <Project Path="src/ClaimsModule.Infrastructure/ClaimsModule.Infrastructure.csproj" />
    <Project Path="src/ClaimsModule.Persistence/ClaimsModule.Persistence.csproj" />
  </Folder>
  <Folder Name="/tests/">
    <Project Path="tests/ClaimsModule.Application.UnitTests/ClaimsModule.Application.UnitTests.csproj" />
    <Project Path="tests/ClaimsModule.Domain.UnitTests/ClaimsModule.Domain.UnitTests.csproj" />
  </Folder>
</Solution>
